
Microsoft Visual Studio Solution File, Format Version 12.00
# Visual Studio Version 16
VisualStudioVersion = 16.0.31410.223
MinimumVisualStudioVersion = 10.0.40219.1
Project("{8BC9CEB8-8B4A-11D0-8D11-00A0C91BC942}") = "libyara.NET", "libyara.NET\libyara.NET.vcxproj", "{347CBFF6-30D8-40FB-AE4E-8F1508117A38}"
EndProject
Project("{FAE04EC0-301F-11D3-BF4B-00C04F79EFBC}") = "TestApp", "TestApp\TestApp.csproj", "{F1C5BFCB-2FD9-4435-A078-95A21D45F0AB}"
EndProject
Project("{FAE04EC0-301F-11D3-BF4B-00C04F79EFBC}") = "Tests", "Tests\Tests.csproj", "{6D09F9D4-8B58-4BFC-BD58-16A66ADC2625}"
EndProject
Global
	GlobalSection(SolutionConfigurationPlatforms) = preSolution
		Debug|x64 = Debug|x64
		Debug|x86 = Debug|x86
		Release|x64 = Release|x64
		Release|x86 = Release|x86
	EndGlobalSection
	GlobalSection(ProjectConfigurationPlatforms) = postSolution
		{347CBFF6-30D8-40FB-AE4E-8F1508117A38}.Debug|x64.ActiveCfg = Debug|x64
		{347CBFF6-30D8-40FB-AE4E-8F1508117A38}.Debug|x64.Build.0 = Debug|x64
		{347CBFF6-30D8-40FB-AE4E-8F1508117A38}.Debug|x86.ActiveCfg = Debug|Win32
		{347CBFF6-30D8-40FB-AE4E-8F1508117A38}.Debug|x86.Build.0 = Debug|Win32
		{347CBFF6-30D8-40FB-AE4E-8F1508117A38}.Release|x64.ActiveCfg = Release|x64
		{347CBFF6-30D8-40FB-AE4E-8F1508117A38}.Release|x64.Build.0 = Release|x64
		{347CBFF6-30D8-40FB-AE4E-8F1508117A38}.Release|x86.ActiveCfg = Release|Win32
		{347CBFF6-30D8-40FB-AE4E-8F1508117A38}.Release|x86.Build.0 = Release|Win32
		{F1C5BFCB-2FD9-4435-A078-95A21D45F0AB}.Debug|x64.ActiveCfg = Debug|x64
		{F1C5BFCB-2FD9-4435-A078-95A21D45F0AB}.Debug|x64.Build.0 = Debug|x64
		{F1C5BFCB-2FD9-4435-A078-95A21D45F0AB}.Debug|x86.ActiveCfg = Debug|x86
		{F1C5BFCB-2FD9-4435-A078-95A21D45F0AB}.Debug|x86.Build.0 = Debug|x86
		{F1C5BFCB-2FD9-4435-A078-95A21D45F0AB}.Release|x64.ActiveCfg = Release|x64
		{F1C5BFCB-2FD9-4435-A078-95A21D45F0AB}.Release|x64.Build.0 = Release|x64
		{F1C5BFCB-2FD9-4435-A078-95A21D45F0AB}.Release|x86.ActiveCfg = Release|x86
		{F1C5BFCB-2FD9-4435-A078-95A21D45F0AB}.Release|x86.Build.0 = Release|x86
		{6D09F9D4-8B58-4BFC-BD58-16A66ADC2625}.Debug|x64.ActiveCfg = Debug|x64
		{6D09F9D4-8B58-4BFC-BD58-16A66ADC2625}.Debug|x64.Build.0 = Debug|x64
		{6D09F9D4-8B58-4BFC-BD58-16A66ADC2625}.Debug|x86.ActiveCfg = Debug|x86
		{6D09F9D4-8B58-4BFC-BD58-16A66ADC2625}.Debug|x86.Build.0 = Debug|x86
		{6D09F9D4-8B58-4BFC-BD58-16A66ADC2625}.Release|x64.ActiveCfg = Release|x64
		{6D09F9D4-8B58-4BFC-BD58-16A66ADC2625}.Release|x64.Build.0 = Release|x64
		{6D09F9D4-8B58-4BFC-BD58-16A66ADC2625}.Release|x86.ActiveCfg = Release|x86
		{6D09F9D4-8B58-4BFC-BD58-16A66ADC2625}.Release|x86.Build.0 = Release|x86
	EndGlobalSection
	GlobalSection(SolutionProperties) = preSolution
		HideSolutionNode = FALSE
	EndGlobalSection
EndGlobal
